<?xml version="1.0" encoding="utf-8"?>
<Project ToolsVersion="4.0" xmlns="http://schemas.microsoft.com/developer/msbuild/2003">
  <ItemGroup>
    <Filter Include="Framework">
      <UniqueIdentifier>{93995380-89BD-4b04-88EB-625FBE52EBFB}</UniqueIdentifier>
      <Extensions>h;hpp;hxx;hm;inl;inc;xsd</Extensions>
    </Filter>
    <Filter Include="Framework\Graphics">
      <UniqueIdentifier>{4b91e5a2-5511-4577-8de1-d658406a2974}</UniqueIdentifier>
    </Filter>
    <Filter Include="Framework\Content">
      <UniqueIdentifier>{cd4680f5-065b-48bf-873a-bcc57559d216}</UniqueIdentifier>
    </Filter>
    <Filter Include="Framework\Input">
      <UniqueIdentifier>{5ae77d52-a513-4642-b160-be79edc97418}</UniqueIdentifier>
    </Filter>
  </ItemGroup>
  <ItemGroup>
    <ClInclude Include="GameComponent.h">
      <Filter>Framework</Filter>
    </ClInclude>
    <ClInclude Include="GameTime.h">
      <Filter>Framework</Filter>
    </ClInclude>
    <ClInclude Include="GameWin.h">
      <Filter>Framework</Filter>
    </ClInclude>
    <ClInclude Include="std.h">
      <Filter>Framework</Filter>
    </ClInclude>
    <ClInclude Include="DrawableGameComponent.h">
      <Filter>Framework</Filter>
    </ClInclude>
    <ClInclude Include="Color.h">
      <Filter>Framework</Filter>
    </ClInclude>
    <ClInclude Include="VertexBuffer.h">
      <Filter>Framework\Graphics</Filter>
    </ClInclude>
    <ClInclude Include="VertexDeclaration.h">
      <Filter>Framework\Graphics</Filter>
    </ClInclude>
    <ClInclude Include="Model.h">
      <Filter>Framework\Graphics</Filter>
    </ClInclude>
    <ClInclude Include="GraphicsDevice.h">
      <Filter>Framework\Graphics</Filter>
    </ClInclude>
    <ClInclude Include="ContentManager.h">
      <Filter>Framework\Content</Filter>
    </ClInclude>
    <ClInclude Include="IndexBuffer.h">
      <Filter>Framework\Graphics</Filter>
    </ClInclude>
    <ClInclude Include="KeyboardState.h">
      <Filter>Framework\Input</Filter>
    </ClInclude>
    <ClInclude Include="Keyboard.h">
      <Filter>Framework\Input</Filter>
    </ClInclude>
    <ClInclude Include="kXNA_Dll.h">
      <Filter>Framework</Filter>
    </ClInclude>
    <ClInclude Include="GameFrameworkExport.h">
      <Filter>Framework</Filter>
    </ClInclude>
    <ClInclude Include="Mouse.h">
      <Filter>Framework\Input</Filter>
    </ClInclude>
    <ClInclude Include="MouseState.h">
      <Filter>Framework\Input</Filter>
    </ClInclude>
  </ItemGroup>
  <ItemGroup>
    <ClCompile Include="VertexBuffer.cpp">
      <Filter>Framework\Graphics</Filter>
    </ClCompile>
    <ClCompile Include="VertexDeclaration.cpp">
      <Filter>Framework\Graphics</Filter>
    </ClCompile>
    <ClCompile Include="Model.cpp">
      <Filter>Framework\Graphics</Filter>
    </ClCompile>
    <ClCompile Include="GraphicsDevice.cpp">
      <Filter>Framework\Graphics</Filter>
    </ClCompile>
    <ClCompile Include="ContentManager.cpp">
      <Filter>Framework\Content</Filter>
    </ClCompile>
    <ClCompile Include="Color.cpp">
      <Filter>Framework</Filter>
    </ClCompile>
    <ClCompile Include="GameWin.cpp">
      <Filter>Framework</Filter>
    </ClCompile>
    <ClCompile Include="DrawableGameComponent.cpp">
      <Filter>Framework</Filter>
    </ClCompile>
    <ClCompile Include="GameComponent.cpp">
      <Filter>Framework</Filter>
    </ClCompile>
    <ClCompile Include="GameTime.cpp">
      <Filter>Framework</Filter>
    </ClCompile>
    <ClCompile Include="IndexBuffer.cpp">
      <Filter>Framework\Graphics</Filter>
    </ClCompile>
    <ClCompile Include="KeyboardState.cpp">
      <Filter>Framework\Input</Filter>
    </ClCompile>
    <ClCompile Include="Keyboard.cpp">
      <Filter>Framework\Input</Filter>
    </ClCompile>
    <ClCompile Include="Mouse.cpp">
      <Filter>Framework\Input</Filter>
    </ClCompile>
    <ClCompile Include="MouseState.cpp">
      <Filter>Framework\Input</Filter>
    </ClCompile>
  </ItemGroup>
</Project>