<?xml version="1.0" encoding="utf-8"?>
<Project ToolsVersion="4.0" xmlns="http://schemas.microsoft.com/developer/msbuild/2003">
  <ItemGroup>
    <Filter Include="Include">
      <UniqueIdentifier>{93995380-89BD-4b04-88EB-625FBE52EBFB}</UniqueIdentifier>
      <Extensions>h;hpp;hxx;hm;inl;inc;xsd</Extensions>
    </Filter>
    <Filter Include="src">
      <UniqueIdentifier>{2d2addc0-bc6a-44bb-82a0-fbc06d93e9c8}</UniqueIdentifier>
    </Filter>
  </ItemGroup>
  <ItemGroup>
    <ClCompile Include="src\Color.cpp">
      <Filter>src</Filter>
    </ClCompile>
    <ClCompile Include="src\ContentManager.cpp">
      <Filter>src</Filter>
    </ClCompile>
    <ClCompile Include="src\DrawableGameComponent.cpp">
      <Filter>src</Filter>
    </ClCompile>
    <ClCompile Include="src\GameComponent.cpp">
      <Filter>src</Filter>
    </ClCompile>
    <ClCompile Include="src\GameTime.cpp">
      <Filter>src</Filter>
    </ClCompile>
    <ClCompile Include="src\IndexBuffer.cpp">
      <Filter>src</Filter>
    </ClCompile>
    <ClCompile Include="src\Keyboard.cpp">
      <Filter>src</Filter>
    </ClCompile>
    <ClCompile Include="src\KeyboardState.cpp">
      <Filter>src</Filter>
    </ClCompile>
    <ClCompile Include="src\MathHelper.cpp">
      <Filter>src</Filter>
    </ClCompile>
    <ClCompile Include="src\Matrix.cpp">
      <Filter>src</Filter>
    </ClCompile>
    <ClCompile Include="src\Model.cpp">
      <Filter>src</Filter>
    </ClCompile>
    <ClCompile Include="src\Mouse.cpp">
      <Filter>src</Filter>
    </ClCompile>
    <ClCompile Include="src\MouseState.cpp">
      <Filter>src</Filter>
    </ClCompile>
    <ClCompile Include="src\OgreVector3.cpp">
      <Filter>src</Filter>
    </ClCompile>
    <ClCompile Include="src\VertexBuffer.cpp">
      <Filter>src</Filter>
    </ClCompile>
    <ClCompile Include="src\VertexDeclaration.cpp">
      <Filter>src</Filter>
    </ClCompile>
    <ClCompile Include="src\Win\GameWin.cpp">
      <Filter>src</Filter>
    </ClCompile>
    <ClCompile Include="src\Win\GraphicsDevice.cpp">
      <Filter>src</Filter>
    </ClCompile>
  </ItemGroup>
  <ItemGroup>
    <ClInclude Include="include\Color.h">
      <Filter>Include</Filter>
    </ClInclude>
    <ClInclude Include="include\ContentManager.h">
      <Filter>Include</Filter>
    </ClInclude>
    <ClInclude Include="include\DrawableGameComponent.h">
      <Filter>Include</Filter>
    </ClInclude>
    <ClInclude Include="include\GameComponent.h">
      <Filter>Include</Filter>
    </ClInclude>
    <ClInclude Include="include\GameFrameworkExport.h">
      <Filter>Include</Filter>
    </ClInclude>
    <ClInclude Include="include\GameTime.h">
      <Filter>Include</Filter>
    </ClInclude>
    <ClInclude Include="include\IndexBuffer.h">
      <Filter>Include</Filter>
    </ClInclude>
    <ClInclude Include="include\Keyboard.h">
      <Filter>Include</Filter>
    </ClInclude>
    <ClInclude Include="include\KeyboardState.h">
      <Filter>Include</Filter>
    </ClInclude>
    <ClInclude Include="include\kXNA_Dll.h">
      <Filter>Include</Filter>
    </ClInclude>
    <ClInclude Include="include\MathHelper.h">
      <Filter>Include</Filter>
    </ClInclude>
    <ClInclude Include="include\Matrix.h">
      <Filter>Include</Filter>
    </ClInclude>
    <ClInclude Include="include\Model.h">
      <Filter>Include</Filter>
    </ClInclude>
    <ClInclude Include="include\Mouse.h">
      <Filter>Include</Filter>
    </ClInclude>
    <ClInclude Include="include\MouseState.h">
      <Filter>Include</Filter>
    </ClInclude>
    <ClInclude Include="include\OgreVector3.h">
      <Filter>Include</Filter>
    </ClInclude>
    <ClInclude Include="include\std.h">
      <Filter>Include</Filter>
    </ClInclude>
    <ClInclude Include="include\VertexBuffer.h">
      <Filter>Include</Filter>
    </ClInclude>
    <ClInclude Include="include\VertexDeclaration.h">
      <Filter>Include</Filter>
    </ClInclude>
    <ClInclude Include="include\Win\GameWin.h">
      <Filter>Include</Filter>
    </ClInclude>
    <ClInclude Include="include\Win\GraphicsDevice.h">
      <Filter>Include</Filter>
    </ClInclude>
  </ItemGroup>
</Project>